
Microsoft Visual Studio Solution File, Format Version 12.00
# Visual Studio Version 17
VisualStudioVersion = 17.10.35013.160
MinimumVisualStudioVersion = 10.0.40219.1
Project("{FAE04EC0-301F-11D3-BF4B-00C04F79EFBC}") = "PhotoProcessor", "PhotoProcessor\PhotoProcessor.csproj", "{61D247A0-4101-467A-9815-F60CE1B0DFBC}"
EndProject
Global
	GlobalSection(SolutionConfigurationPlatforms) = preSolution
		Debug|Any CPU = Debug|Any CPU
		Release|Any CPU = Release|Any CPU
	EndGlobalSection
	GlobalSection(ProjectConfigurationPlatforms) = postSolution
		{61D247A0-4101-467A-9815-F60CE1B0DFBC}.Debug|Any CPU.ActiveCfg = Debug|Any CPU
		{61D247A0-4101-467A-9815-F60CE1B0DFBC}.Debug|Any CPU.Build.0 = Debug|Any CPU
		{61D247A0-4101-467A-9815-F60CE1B0DFBC}.Release|Any CPU.ActiveCfg = Release|Any CPU
		{61D247A0-4101-467A-9815-F60CE1B0DFBC}.Release|Any CPU.Build.0 = Release|Any CPU
	EndGlobalSection
	GlobalSection(SolutionProperties) = preSolution
		HideSolutionNode = FALSE
	EndGlobalSection
	GlobalSection(ExtensibilityGlobals) = postSolution
		SolutionGuid = {58960DBC-EC08-4B4E-9F36-6544BB3ED90B}
	EndGlobalSection
EndGlobal
